// !$*UTF8*$!
{
	archiveVersion = 1;
	classes = {
	};
	objectVersion = 77;
	objects = {

/* Begin PBXBuildFile section */
		6C6581DB23B99C73CFE200F0 /* ComposableArchitecture in Frameworks */ = {isa = PBXBuildFile; productRef = 3A2CF5BCD746090BC6A06CBE /* ComposableArchitecture */; };
		98EBBC14CB1CAE55506771BB /* ComposableArchitecture in Frameworks */ = {isa = PBXBuildFile; productRef = E350A744B5DEDE5F8AA211A4 /* ComposableArchitecture */; };
		A1D9E4B12FA3000000000001 /* Dependencies in Frameworks */ = {isa = PBXBuildFile; productRef = A1D9E4B42FA3000000000004 /* Dependencies */; };
		A1D9E4B22FA3000000000002 /* Dependencies in Frameworks */ = {isa = PBXBuildFile; productRef = A1D9E4B52FA3000000000005 /* Dependencies */; };
		A1D9E4B62FA3000000000006 /* CasePaths in Frameworks */ = {isa = PBXBuildFile; productRef = A1D9E4BA2FA300000000000A /* CasePaths */; };
		A1D9E4B72FA3000000000007 /* CasePaths in Frameworks */ = {isa = PBXBuildFile; productRef = A1D9E4BB2FA300000000000B /* CasePaths */; };
		A1D9E4B82FA3000000000008 /* Perception in Frameworks */ = {isa = PBXBuildFile; productRef = A1D9E4BC2FA300000000000C /* Perception */; };
		A1D9E4B92FA3000000000009 /* Perception in Frameworks */ = {isa = PBXBuildFile; productRef = A1D9E4BD2FA300000000000D /* Perception */; };
		A1D9E4C02FA3000000000010 /* PerceptionCore in Frameworks */ = {isa = PBXBuildFile; productRef = A1D9E4C22FA3000000000012 /* PerceptionCore */; };
		A1D9E4C12FA3000000000011 /* PerceptionCore in Frameworks */ = {isa = PBXBuildFile; productRef = A1D9E4C32FA3000000000013 /* PerceptionCore */; };
		D00D0E7F2FC484750009F79F /* FirebaseAnalytics in Frameworks */ = {isa = PBXBuildFile; productRef = D00D0E7E2FC484750009F79F /* FirebaseAnalytics */; };
		D00D0E812FC484750009F79F /* FirebaseCore in Frameworks */ = {isa = PBXBuildFile; productRef = D00D0E802FC484750009F79F /* FirebaseCore */; };
		D00D0E832FC484750009F79F /* FirebaseCrashlytics in Frameworks */ = {isa = PBXBuildFile; productRef = D00D0E822FC484750009F79F /* FirebaseCrashlytics */; };
		D00D0E872FC484750009F79F /* FirebasePerformance in Frameworks */ = {isa = PBXBuildFile; productRef = D00D0E862FC484750009F79F /* FirebasePerformance */; };
		D0B102262FA5C7F300B50E07 /* SnapshotTesting in Frameworks */ = {isa = PBXBuildFile; productRef = D0B102252FA5C7F300B50E07 /* SnapshotTesting */; };
		DEC0DE0000000000000000C1 /* Textual in Frameworks */ = {isa = PBXBuildFile; productRef = DEC0DE0000000000000000B1 /* Textual */; };
/* End PBXBuildFile section */

/* Begin PBXContainerItemProxy section */
		D0B1FCDF2FA22AA100B50E07 /* PBXContainerItemProxy */ = {
			isa = PBXContainerItemProxy;
			containerPortal = D0B1FCC52FA22A9F00B50E07 /* Project object */;
			proxyType = 1;
			remoteGlobalIDString = D0B1FCCC2FA22A9F00B50E07;
			remoteInfo = BuyLedger;
		};
		D0B1FCE92FA22AA100B50E07 /* PBXContainerItemProxy */ = {
			isa = PBXContainerItemProxy;
			containerPortal = D0B1FCC52FA22A9F00B50E07 /* Project object */;
			proxyType = 1;
			remoteGlobalIDString = D0B1FCCC2FA22A9F00B50E07;
			remoteInfo = BuyLedger;
		};
/* End PBXContainerItemProxy section */

/* Begin PBXFileReference section */
		D0B102272FA5C7F300B50E07 /* BuyLedger/Resources/Config.xcconfig */ = {isa = PBXFileReference; lastKnownFileType = text.xcconfig; path = BuyLedger/Resources/Config.xcconfig; sourceTree = SOURCE_ROOT; };
		D0B1FCCD2FA22A9F00B50E07 /* BuyLedger.app */ = {isa = PBXFileReference; explicitFileType = wrapper.application; includeInIndex = 0; path = BuyLedger.app; sourceTree = BUILT_PRODUCTS_DIR; };
		D0B1FCDE2FA22AA100B50E07 /* BuyLedgerTests.xctest */ = {isa = PBXFileReference; explicitFileType = wrapper.cfbundle; includeInIndex = 0; path = BuyLedgerTests.xctest; sourceTree = BUILT_PRODUCTS_DIR; };
		D0B1FCE82FA22AA100B50E07 /* BuyLedgerUITests.xctest */ = {isa = PBXFileReference; explicitFileType = wrapper.cfbundle; includeInIndex = 0; path = BuyLedgerUITests.xctest; sourceTree = BUILT_PRODUCTS_DIR; };
/* End PBXFileReference section */

/* Begin PBXFileSystemSynchronizedBuildFileExceptionSet section */
		D0B1FCF02FA22AA100B50E07 /* Exceptions for "BuyLedger" folder in "BuyLedger" target */ = {
			isa = PBXFileSystemSynchronizedBuildFileExceptionSet;
			membershipExceptions = (
				Resources/Info.plist,
			);
			target = D0B1FCCC2FA22A9F00B50E07 /* BuyLedger */;
		};
/* End PBXFileSystemSynchronizedBuildFileExceptionSet section */

/* Begin PBXFileSystemSynchronizedRootGroup section */
		D0B1FCCF2FA22A9F00B50E07 /* BuyLedger */ = {
			isa = PBXFileSystemSynchronizedRootGroup;
			exceptions = (
				D0B1FCF02FA22AA100B50E07 /* Exceptions for "BuyLedger" folder in "BuyLedger" target */,
			);
			path = BuyLedger;
			sourceTree = "<group>";
		};
		D0B1FCE12FA22AA100B50E07 /* BuyLedgerTests */ = {
			isa = PBXFileSystemSynchronizedRootGroup;
			path = BuyLedgerTests;
			sourceTree = "<group>";
		};
		D0B1FCEB2FA22AA100B50E07 /* BuyLedgerUITests */ = {
			isa = PBXFileSystemSynchronizedRootGroup;
			path = BuyLedgerUITests;
			sourceTree = "<group>";
		};
/* End PBXFileSystemSynchronizedRootGroup section */

/* Begin PBXFrameworksBuildPhase section */
		D0B1FCCA2FA22A9F00B50E07 /* Frameworks */ = {
			isa = PBXFrameworksBuildPhase;
			buildActionMask = 2147483647;
			files = (
				6C6581DB23B99C73CFE200F0 /* ComposableArchitecture in Frameworks */,
				A1D9E4B12FA3000000000001 /* Dependencies in Frameworks */,
				D00D0E872FC484750009F79F /* FirebasePerformance in Frameworks */,
				D00D0E7F2FC484750009F79F /* FirebaseAnalytics in Frameworks */,
				A1D9E4B62FA3000000000006 /* CasePaths in Frameworks */,
				D00D0E812FC484750009F79F /* FirebaseCore in Frameworks */,
				D00D0E832FC484750009F79F /* FirebaseCrashlytics in Frameworks */,
				A1D9E4B82FA3000000000008 /* Perception in Frameworks */,
				A1D9E4C02FA3000000000010 /* PerceptionCore in Frameworks */,
				DEC0DE0000000000000000C1 /* Textual in Frameworks */,
			);
			runOnlyForDeploymentPostprocessing = 0;
		};
		D0B1FCDB2FA22AA100B50E07 /* Frameworks */ = {
			isa = PBXFrameworksBuildPhase;
			buildActionMask = 2147483647;
			files = (
				98EBBC14CB1CAE55506771BB /* ComposableArchitecture in Frameworks */,
				A1D9E4B22FA3000000000002 /* Dependencies in Frameworks */,
				A1D9E4B72FA3000000000007 /* CasePaths in Frameworks */,
				A1D9E4B92FA3000000000009 /* Perception in Frameworks */,
				A1D9E4C12FA3000000000011 /* PerceptionCore in Frameworks */,
				D0B102262FA5C7F300B50E07 /* SnapshotTesting in Frameworks */,
			);
			runOnlyForDeploymentPostprocessing = 0;
		};
		D0B1FCE52FA22AA100B50E07 /* Frameworks */ = {
			isa = PBXFrameworksBuildPhase;
			buildActionMask = 2147483647;
			files = (
			);
			runOnlyForDeploymentPostprocessing = 0;
		};
/* End PBXFrameworksBuildPhase section */

/* Begin PBXGroup section */
		D05F1DB42FDEDABE00CDD788 /* Frameworks */ = {
			isa = PBXGroup;
			children = (
			);
			name = Frameworks;
			sourceTree = "<group>";
		};
		D0B108512FA5D0BB00B50E07 /* Recovered References */ = {
			isa = PBXGroup;
			children = (
				D0B102272FA5C7F300B50E07 /* BuyLedger/Resources/Config.xcconfig */,
			);
			name = "Recovered References";
			sourceTree = "<group>";
		};
		D0B1FCC42FA22A9F00B50E07 = {
			isa = PBXGroup;
			children = (
				D0B1FCCF2FA22A9F00B50E07 /* BuyLedger */,
				D0B1FCE12FA22AA100B50E07 /* BuyLedgerTests */,
				D0B1FCEB2FA22AA100B50E07 /* BuyLedgerUITests */,
				D0B1FCCE2FA22A9F00B50E07 /* Products */,
				D0B108512FA5D0BB00B50E07 /* Recovered References */,
				D05F1DB42FDEDABE00CDD788 /* Frameworks */,
			);
			sourceTree = "<group>";
		};
		D0B1FCCE2FA22A9F00B50E07 /* Products */ = {
			isa = PBXGroup;
			children = (
				D0B1FCCD2FA22A9F00B50E07 /* BuyLedger.app */,
				D0B1FCDE2FA22AA100B50E07 /* BuyLedgerTests.xctest */,
				D0B1FCE82FA22AA100B50E07 /* BuyLedgerUITests.xctest */,
			);
			name = Products;
			sourceTree = "<group>";
		};
/* End PBXGroup section */

/* Begin PBXNativeTarget section */
		D0B1FCCC2FA22A9F00B50E07 /* BuyLedger */ = {
			isa = PBXNativeTarget;
			buildConfigurationList = D0B1FCF12FA22AA100B50E07 /* Build configuration list for PBXNativeTarget "BuyLedger" */;
			buildPhases = (
				D0B1FCC92FA22A9F00B50E07 /* Sources */,
				D0B1FCCA2FA22A9F00B50E07 /* Frameworks */,
				D0B1FCCB2FA22A9F00B50E07 /* Resources */,
				D0B1FDAA2FC4849000B50E07 /* Run Script: Crashlytics Symbol Upload */,
			);
			buildRules = (
			);
			dependencies = (
			);
			fileSystemSynchronizedGroups = (
				D0B1FCCF2FA22A9F00B50E07 /* BuyLedger */,
			);
			name = BuyLedger;
			packageProductDependencies = (
				3A2CF5BCD746090BC6A06CBE /* ComposableArchitecture */,
				A1D9E4B42FA3000000000004 /* Dependencies */,
				A1D9E4BA2FA300000000000A /* CasePaths */,
				A1D9E4BC2FA300000000000C /* Perception */,
				A1D9E4C22FA3000000000012 /* PerceptionCore */,
				D00D0E7E2FC484750009F79F /* FirebaseAnalytics */,
				D00D0E802FC484750009F79F /* FirebaseCore */,
				D00D0E822FC484750009F79F /* FirebaseCrashlytics */,
				D00D0E862FC484750009F79F /* FirebasePerformance */,
				DEC0DE0000000000000000B1 /* Textual */,
			);
			productName = BuyLedger;
			productReference = D0B1FCCD2FA22A9F00B50E07 /* BuyLedger.app */;
			productType = "com.apple.product-type.application";
		};
		D0B1FCDD2FA22AA100B50E07 /* BuyLedgerTests */ = {
			isa = PBXNativeTarget;
			buildConfigurationList = D0B1FCF62FA22AA100B50E07 /* Build configuration list for PBXNativeTarget "BuyLedgerTests" */;
			buildPhases = (
				D0B1FCDA2FA22AA100B50E07 /* Sources */,
				D0B1FCDB2FA22AA100B50E07 /* Frameworks */,
				D0B1FCDC2FA22AA100B50E07 /* Resources */,
			);
			buildRules = (
			);
			dependencies = (
				D0B1FCE02FA22AA100B50E07 /* PBXTargetDependency */,
			);
			fileSystemSynchronizedGroups = (
				D0B1FCE12FA22AA100B50E07 /* BuyLedgerTests */,
			);
			name = BuyLedgerTests;
			packageProductDependencies = (
				E350A744B5DEDE5F8AA211A4 /* ComposableArchitecture */,
				A1D9E4B52FA3000000000005 /* Dependencies */,
				A1D9E4BB2FA300000000000B /* CasePaths */,
				A1D9E4BD2FA300000000000D /* Perception */,
				A1D9E4C32FA3000000000013 /* PerceptionCore */,
				D0B102252FA5C7F300B50E07 /* SnapshotTesting */,
			);
			productName = BuyLedgerTests;
			productReference = D0B1FCDE2FA22AA100B50E07 /* BuyLedgerTests.xctest */;
			productType = "com.apple.product-type.bundle.unit-test";
		};
		D0B1FCE72FA22AA100B50E07 /* BuyLedgerUITests */ = {
			isa = PBXNativeTarget;
			buildConfigurationList = D0B1FCF92FA22AA100B50E07 /* Build configuration list for PBXNativeTarget "BuyLedgerUITests" */;
			buildPhases = (
				D0B1FCE42FA22AA100B50E07 /* Sources */,
				D0B1FCE52FA22AA100B50E07 /* Frameworks */,
				D0B1FCE62FA22AA100B50E07 /* Resources */,
			);
			buildRules = (
			);
			dependencies = (
				D0B1FCEA2FA22AA100B50E07 /* PBXTargetDependency */,
			);
			fileSystemSynchronizedGroups = (
				D0B1FCEB2FA22AA100B50E07 /* BuyLedgerUITests */,
			);
			name = BuyLedgerUITests;
			packageProductDependencies = (
			);
			productName = BuyLedgerUITests;
			productReference = D0B1FCE82FA22AA100B50E07 /* BuyLedgerUITests.xctest */;
			productType = "com.apple.product-type.bundle.ui-testing";
		};
/* End PBXNativeTarget section */

/* Begin PBXProject section */
		D0B1FCC52FA22A9F00B50E07 /* Project object */ = {
			isa = PBXProject;
			attributes = {
				BuildIndependentTargetsInParallel = 1;
				LastSwiftUpdateCheck = 2640;
				LastUpgradeCheck = 2640;
				TargetAttributes = {
					D0B1FCCC2FA22A9F00B50E07 = {
						CreatedOnToolsVersion = 26.4.1;
					};
					D0B1FCDD2FA22AA100B50E07 = {
						CreatedOnToolsVersion = 26.4.1;
						TestTargetID = D0B1FCCC2FA22A9F00B50E07;
					};
					D0B1FCE72FA22AA100B50E07 = {
						CreatedOnToolsVersion = 26.4.1;
						TestTargetID = D0B1FCCC2FA22A9F00B50E07;
					};
				};
			};
			buildConfigurationList = D0B1FCC82FA22A9F00B50E07 /* Build configuration list for PBXProject "BuyLedger" */;
			developmentRegion = "zh-Hant";
			hasScannedForEncodings = 0;
			knownRegions = (
				"zh-Hant",
				en,
				Base,
			);
			mainGroup = D0B1FCC42FA22A9F00B50E07;
			minimizedProjectReferenceProxies = 1;
			packageReferences = (
				5F378FA3EE62B1A19259B6A4 /* XCRemoteSwiftPackageReference "swift-composable-architecture" */,
				A1D9E4B32FA3000000000003 /* XCRemoteSwiftPackageReference "swift-dependencies" */,
				A1D9E4BE2FA300000000000E /* XCRemoteSwiftPackageReference "swift-case-paths" */,
				A1D9E4BF2FA300000000000F /* XCRemoteSwiftPackageReference "swift-perception" */,
				D0B102242FA5C7F300B50E07 /* XCRemoteSwiftPackageReference "swift-snapshot-testing" */,
				D00D0E7D2FC484750009F79F /* XCRemoteSwiftPackageReference "firebase-ios-sdk" */,
				DEC0DE0000000000000000A1 /* XCRemoteSwiftPackageReference "textual" */,
			);
			preferredProjectObjectVersion = 77;
			productRefGroup = D0B1FCCE2FA22A9F00B50E07 /* Products */;
			projectDirPath = "";
			projectRoot = "";
			targets = (
				D0B1FCCC2FA22A9F00B50E07 /* BuyLedger */,
				D0B1FCDD2FA22AA100B50E07 /* BuyLedgerTests */,
				D0B1FCE72FA22AA100B50E07 /* BuyLedgerUITests */,
			);
		};
/* End PBXProject section */

/* Begin PBXResourcesBuildPhase section */
		D0B1FCCB2FA22A9F00B50E07 /* Resources */ = {
			isa = PBXResourcesBuildPhase;
			buildActionMask = 2147483647;
			files = (
			);
			runOnlyForDeploymentPostprocessing = 0;
		};
		D0B1FCDC2FA22AA100B50E07 /* Resources */ = {
			isa = PBXResourcesBuildPhase;
			buildActionMask = 2147483647;
			files = (
			);
			runOnlyForDeploymentPostprocessing = 0;
		};
		D0B1FCE62FA22AA100B50E07 /* Resources */ = {
			isa = PBXResourcesBuildPhase;
			buildActionMask = 2147483647;
			files = (
			);
			runOnlyForDeploymentPostprocessing = 0;
		};
/* End PBXResourcesBuildPhase section */

/* Begin PBXShellScriptBuildPhase section */
		D0B1FDAA2FC4849000B50E07 /* Run Script: Crashlytics Symbol Upload */ = {
			isa = PBXShellScriptBuildPhase;
			alwaysOutOfDate = 1;
			buildActionMask = 2147483647;
			files = (
			);
			inputFileListPaths = (
			);
			inputPaths = (
				"${DWARF_DSYM_FOLDER_PATH}/${DWARF_DSYM_FILE_NAME}",
				"${DWARF_DSYM_FOLDER_PATH}/${DWARF_DSYM_FILE_NAME}/Contents/Resources/DWARF/${PRODUCT_NAME}",
				"${DWARF_DSYM_FOLDER_PATH}/${DWARF_DSYM_FILE_NAME}/Contents/Resources/DWARF/${PRODUCT_NAME}.debug.dylib",
				"${DWARF_DSYM_FOLDER_PATH}/${DWARF_DSYM_FILE_NAME}/Contents/Info.plist",
				"$(TARGET_BUILD_DIR)/$(UNLOCALIZED_RESOURCES_FOLDER_PATH)/GoogleService-Info.plist",
				"$(TARGET_BUILD_DIR)/$(EXECUTABLE_PATH)",
			);
			name = "Run Script: Crashlytics Symbol Upload";
			outputFileListPaths = (
			);
			outputPaths = (
			);
			runOnlyForDeploymentPostprocessing = 0;
			shellPath = /bin/sh;
			shellScript = "\"${BUILD_DIR%/Build/*}/SourcePackages/checkouts/firebase-ios-sdk/Crashlytics/run\"\n";
		};
/* End PBXShellScriptBuildPhase section */

/* Begin PBXSourcesBuildPhase section */
		D0B1FCC92FA22A9F00B50E07 /* Sources */ = {
			isa = PBXSourcesBuildPhase;
			buildActionMask = 2147483647;
			files = (
			);
			runOnlyForDeploymentPostprocessing = 0;
		};
		D0B1FCDA2FA22AA100B50E07 /* Sources */ = {
			isa = PBXSourcesBuildPhase;
			buildActionMask = 2147483647;
			files = (
			);
			runOnlyForDeploymentPostprocessing = 0;
		};
		D0B1FCE42FA22AA100B50E07 /* Sources */ = {
			isa = PBXSourcesBuildPhase;
			buildActionMask = 2147483647;
			files = (
			);
			runOnlyForDeploymentPostprocessing = 0;
		};
/* End PBXSourcesBuildPhase section */

/* Begin PBXTargetDependency section */
		D0B1FCE02FA22AA100B50E07 /* PBXTargetDependency */ = {
			isa = PBXTargetDependency;
			target = D0B1FCCC2FA22A9F00B50E07 /* BuyLedger */;
			targetProxy = D0B1FCDF2FA22AA100B50E07 /* PBXContainerItemProxy */;
		};
		D0B1FCEA2FA22AA100B50E07 /* PBXTargetDependency */ = {
			isa = PBXTargetDependency;
			target = D0B1FCCC2FA22A9F00B50E07 /* BuyLedger */;
			targetProxy = D0B1FCE92FA22AA100B50E07 /* PBXContainerItemProxy */;
		};
/* End PBXTargetDependency section */

/* Begin XCBuildConfiguration section */
		D0B1FCF22FA22AA100B50E07 /* Debug */ = {
			isa = XCBuildConfiguration;
			baseConfigurationReference = D0B102272FA5C7F300B50E07 /* BuyLedger/Resources/Config.xcconfig */;
			buildSettings = {
				ASSETCATALOG_COMPILER_APPICON_NAME = AppIcon;
				ASSETCATALOG_COMPILER_GLOBAL_ACCENT_COLOR_NAME = AccentColor;
				CODE_SIGN_STYLE = Automatic;
				CURRENT_PROJECT_VERSION = 142;
				DEBUG_INFORMATION_FORMAT = "dwarf-with-dsym";
				DEVELOPMENT_TEAM = 23JEQ2524P;
				ENABLE_PREVIEWS = YES;
				GENERATE_INFOPLIST_FILE = YES;
				INFOPLIST_FILE = BuyLedger/Resources/Info.plist;
				"INFOPLIST_KEY_UIApplicationSceneManifest_Generation[sdk=iphoneos*]" = YES;
				"INFOPLIST_KEY_UIApplicationSceneManifest_Generation[sdk=iphonesimulator*]" = YES;
				"INFOPLIST_KEY_UIApplicationSupportsIndirectInputEvents[sdk=iphoneos*]" = YES;
				"INFOPLIST_KEY_UIApplicationSupportsIndirectInputEvents[sdk=iphonesimulator*]" = YES;
				"INFOPLIST_KEY_UILaunchScreen_Generation[sdk=iphoneos*]" = YES;
				"INFOPLIST_KEY_UILaunchScreen_Generation[sdk=iphonesimulator*]" = YES;
				"INFOPLIST_KEY_UIStatusBarStyle[sdk=iphoneos*]" = UIStatusBarStyleDefault;
				"INFOPLIST_KEY_UIStatusBarStyle[sdk=iphonesimulator*]" = UIStatusBarStyleDefault;
				INFOPLIST_KEY_UISupportedInterfaceOrientations_iPad = "UIInterfaceOrientationPortrait UIInterfaceOrientationPortraitUpsideDown UIInterfaceOrientationLandscapeLeft UIInterfaceOrientationLandscapeRight";
				INFOPLIST_KEY_UISupportedInterfaceOrientations_iPhone = "UIInterfaceOrientationPortrait UIInterfaceOrientationLandscapeLeft UIInterfaceOrientationLandscapeRight";
				IPHONEOS_DEPLOYMENT_TARGET = 18.0;
				LD_RUNPATH_SEARCH_PATHS = "@executable_path/Frameworks";
				MARKETING_VERSION = 1.6.0;
				OTHER_LDFLAGS = "-ObjC";
				PRODUCT_BUNDLE_IDENTIFIER = com.leoho.BuyLedger;
				PRODUCT_NAME = "$(TARGET_NAME)";
				REGISTER_APP_GROUPS = YES;
				SDKROOT = auto;
				STRING_CATALOG_GENERATE_SYMBOLS = YES;
				SUPPORTED_PLATFORMS = "iphoneos iphonesimulator";
				SWIFT_APPROACHABLE_CONCURRENCY = YES;
				SWIFT_DEFAULT_ACTOR_ISOLATION = nonisolated;
				SWIFT_EMIT_LOC_STRINGS = YES;
				SWIFT_UPCOMING_FEATURE_MEMBER_IMPORT_VISIBILITY = YES;
				SWIFT_VERSION = 6.0;
				TARGETED_DEVICE_FAMILY = "1,2";
				XROS_DEPLOYMENT_TARGET = 26.4;
			};
			name = Debug;
		};
		D0B1FCF32FA22AA100B50E07 /* Release */ = {
			isa = XCBuildConfiguration;
			baseConfigurationReference = D0B102272FA5C7F300B50E07 /* BuyLedger/Resources/Config.xcconfig */;
			buildSettings = {
				ASSETCATALOG_COMPILER_APPICON_NAME = AppIcon;
				ASSETCATALOG_COMPILER_GLOBAL_ACCENT_COLOR_NAME = AccentColor;
				CODE_SIGN_STYLE = Automatic;
				CURRENT_PROJECT_VERSION = 142;
				DEBUG_INFORMATION_FORMAT = "dwarf-with-dsym";
				DEVELOPMENT_TEAM = 23JEQ2524P;
				ENABLE_PREVIEWS = YES;
				GENERATE_INFOPLIST_FILE = YES;
				INFOPLIST_FILE = BuyLedger/Resources/Info.plist;
				"INFOPLIST_KEY_UIApplicationSceneManifest_Generation[sdk=iphoneos*]" = YES;
				"INFOPLIST_KEY_UIApplicationSceneManifest_Generation[sdk=iphonesimulator*]" = YES;
				"INFOPLIST_KEY_UIApplicationSupportsIndirectInputEvents[sdk=iphoneos*]" = YES;
				"INFOPLIST_KEY_UIApplicationSupportsIndirectInputEvents[sdk=iphonesimulator*]" = YES;
				"INFOPLIST_KEY_UILaunchScreen_Generation[sdk=iphoneos*]" = YES;
				"INFOPLIST_KEY_UILaunchScreen_Generation[sdk=iphonesimulator*]" = YES;
				"INFOPLIST_KEY_UIStatusBarStyle[sdk=iphoneos*]" = UIStatusBarStyleDefault;
				"INFOPLIST_KEY_UIStatusBarStyle[sdk=iphonesimulator*]" = UIStatusBarStyleDefault;
				INFOPLIST_KEY_UISupportedInterfaceOrientations_iPad = "UIInterfaceOrientationPortrait UIInterfaceOrientationPortraitUpsideDown UIInterfaceOrientationLandscapeLeft UIInterfaceOrientationLandscapeRight";
				INFOPLIST_KEY_UISupportedInterfaceOrientations_iPhone = "UIInterfaceOrientationPortrait UIInterfaceOrientationLandscapeLeft UIInterfaceOrientationLandscapeRight";
				IPHONEOS_DEPLOYMENT_TARGET = 18.0;
				LD_RUNPATH_SEARCH_PATHS = "@executable_path/Frameworks";
				MARKETING_VERSION = 1.6.0;
				OTHER_LDFLAGS = "-ObjC";
				PRODUCT_BUNDLE_IDENTIFIER = com.leoho.BuyLedger;
				PRODUCT_NAME = "$(TARGET_NAME)";
				REGISTER_APP_GROUPS = YES;
				SDKROOT = auto;
				STRING_CATALOG_GENERATE_SYMBOLS = YES;
				SUPPORTED_PLATFORMS = "iphoneos iphonesimulator";
				SWIFT_APPROACHABLE_CONCURRENCY = YES;
				SWIFT_DEFAULT_ACTOR_ISOLATION = nonisolated;
				SWIFT_EMIT_LOC_STRINGS = YES;
				SWIFT_UPCOMING_FEATURE_MEMBER_IMPORT_VISIBILITY = YES;
				SWIFT_VERSION = 6.0;
				TARGETED_DEVICE_FAMILY = "1,2";
				XROS_DEPLOYMENT_TARGET = 26.4;
			};
			name = Release;
		};
		D0B1FCF42FA22AA100B50E07 /* Debug */ = {
			isa = XCBuildConfiguration;
			buildSettings = {
				ALWAYS_SEARCH_USER_PATHS = NO;
				ASSETCATALOG_COMPILER_GENERATE_SWIFT_ASSET_SYMBOL_EXTENSIONS = YES;
				CLANG_ANALYZER_NONNULL = YES;
				CLANG_ANALYZER_NUMBER_OBJECT_CONVERSION = YES_AGGRESSIVE;
				CLANG_CXX_LANGUAGE_STANDARD = "gnu++20";
				CLANG_ENABLE_MODULES = YES;
				CLANG_ENABLE_OBJC_ARC = YES;
				CLANG_ENABLE_OBJC_WEAK = YES;
				CLANG_WARN_BLOCK_CAPTURE_AUTORELEASING = YES;
				CLANG_WARN_BOOL_CONVERSION = YES;
				CLANG_WARN_COMMA = YES;
				CLANG_WARN_CONSTANT_CONVERSION = YES;
				CLANG_WARN_DEPRECATED_OBJC_IMPLEMENTATIONS = YES;
				CLANG_WARN_DIRECT_OBJC_ISA_USAGE = YES_ERROR;
				CLANG_WARN_DOCUMENTATION_COMMENTS = YES;
				CLANG_WARN_EMPTY_BODY = YES;
				CLANG_WARN_ENUM_CONVERSION = YES;
				CLANG_WARN_INFINITE_RECURSION = YES;
				CLANG_WARN_INT_CONVERSION = YES;
				CLANG_WARN_NON_LITERAL_NULL_CONVERSION = YES;
				CLANG_WARN_OBJC_IMPLICIT_RETAIN_SELF = YES;
				CLANG_WARN_OBJC_LITERAL_CONVERSION = YES;
				CLANG_WARN_OBJC_ROOT_CLASS = YES_ERROR;
				CLANG_WARN_QUOTED_INCLUDE_IN_FRAMEWORK_HEADER = YES;
				CLANG_WARN_RANGE_LOOP_ANALYSIS = YES;
				CLANG_WARN_STRICT_PROTOTYPES = YES;
				CLANG_WARN_SUSPICIOUS_MOVE = YES;
				CLANG_WARN_UNGUARDED_AVAILABILITY = YES_AGGRESSIVE;
				CLANG_WARN_UNREACHABLE_CODE = YES;
				CLANG_WARN__DUPLICATE_METHOD_MATCH = YES;
				COPY_PHASE_STRIP = NO;
				DEBUG_INFORMATION_FORMAT = dwarf;
				DEVELOPMENT_TEAM = 23JEQ2524P;
				ENABLE_STRICT_OBJC_MSGSEND = YES;
				ENABLE_TESTABILITY = YES;
				ENABLE_USER_SCRIPT_SANDBOXING = YES;
				GCC_C_LANGUAGE_STANDARD = gnu17;
				GCC_DYNAMIC_NO_PIC = NO;
				GCC_NO_COMMON_BLOCKS = YES;
				GCC_OPTIMIZATION_LEVEL = 0;
				GCC_PREPROCESSOR_DEFINITIONS = (
					"DEBUG=1",
					"$(inherited)",
				);
				GCC_WARN_64_TO_32_BIT_CONVERSION = YES;
				GCC_WARN_ABOUT_RETURN_TYPE = YES_ERROR;
				GCC_WARN_UNDECLARED_SELECTOR = YES;
				GCC_WARN_UNINITIALIZED_AUTOS = YES_AGGRESSIVE;
				GCC_WARN_UNUSED_FUNCTION = YES;
				GCC_WARN_UNUSED_VARIABLE = YES;
				LOCALIZATION_PREFERS_STRING_CATALOGS = YES;
				MTL_ENABLE_DEBUG_INFO = INCLUDE_SOURCE;
				MTL_FAST_MATH = YES;
				ONLY_ACTIVE_ARCH = YES;
				SWIFT_ACTIVE_COMPILATION_CONDITIONS = "DEBUG $(inherited)";
				SWIFT_OPTIMIZATION_LEVEL = "-Onone";
			};
			name = Debug;
		};
		D0B1FCF52FA22AA100B50E07 /* Release */ = {
			isa = XCBuildConfiguration;
			buildSettings = {
				ALWAYS_SEARCH_USER_PATHS = NO;
				ASSETCATALOG_COMPILER_GENERATE_SWIFT_ASSET_SYMBOL_EXTENSIONS = YES;
				CLANG_ANALYZER_NONNULL = YES;
				CLANG_ANALYZER_NUMBER_OBJECT_CONVERSION = YES_AGGRESSIVE;
				CLANG_CXX_LANGUAGE_STANDARD = "gnu++20";
				CLANG_ENABLE_MODULES = YES;
				CLANG_ENABLE_OBJC_ARC = YES;
				CLANG_ENABLE_OBJC_WEAK = YES;
				CLANG_WARN_BLOCK_CAPTURE_AUTORELEASING = YES;
				CLANG_WARN_BOOL_CONVERSION = YES;
				CLANG_WARN_COMMA = YES;
				CLANG_WARN_CONSTANT_CONVERSION = YES;
				CLANG_WARN_DEPRECATED_OBJC_IMPLEMENTATIONS = YES;
				CLANG_WARN_DIRECT_OBJC_ISA_USAGE = YES_ERROR;
				CLANG_WARN_DOCUMENTATION_COMMENTS = YES;
				CLANG_WARN_EMPTY_BODY = YES;
				CLANG_WARN_ENUM_CONVERSION = YES;
				CLANG_WARN_INFINITE_RECURSION = YES;
				CLANG_WARN_INT_CONVERSION = YES;
				CLANG_WARN_NON_LITERAL_NULL_CONVERSION = YES;
				CLANG_WARN_OBJC_IMPLICIT_RETAIN_SELF = YES;
				CLANG_WARN_OBJC_LITERAL_CONVERSION = YES;
				CLANG_WARN_OBJC_ROOT_CLASS = YES_ERROR;
				CLANG_WARN_QUOTED_INCLUDE_IN_FRAMEWORK_HEADER = YES;
				CLANG_WARN_RANGE_LOOP_ANALYSIS = YES;
				CLANG_WARN_STRICT_PROTOTYPES = YES;
				CLANG_WARN_SUSPICIOUS_MOVE = YES;
				CLANG_WARN_UNGUARDED_AVAILABILITY = YES_AGGRESSIVE;
				CLANG_WARN_UNREACHABLE_CODE = YES;
				CLANG_WARN__DUPLICATE_METHOD_MATCH = YES;
				COPY_PHASE_STRIP = NO;
				DEBUG_INFORMATION_FORMAT = "dwarf-with-dsym";
				DEVELOPMENT_TEAM = 23JEQ2524P;
				ENABLE_NS_ASSERTIONS = NO;
				ENABLE_STRICT_OBJC_MSGSEND = YES;
				ENABLE_USER_SCRIPT_SANDBOXING = YES;
				GCC_C_LANGUAGE_STANDARD = gnu17;
				GCC_NO_COMMON_BLOCKS = YES;
				GCC_WARN_64_TO_32_BIT_CONVERSION = YES;
				GCC_WARN_ABOUT_RETURN_TYPE = YES_ERROR;
				GCC_WARN_UNDECLARED_SELECTOR = YES;
				GCC_WARN_UNINITIALIZED_AUTOS = YES_AGGRESSIVE;
				GCC_WARN_UNUSED_FUNCTION = YES;
				GCC_WARN_UNUSED_VARIABLE = YES;
				LOCALIZATION_PREFERS_STRING_CATALOGS = YES;
				MTL_ENABLE_DEBUG_INFO = NO;
				MTL_FAST_MATH = YES;
				SWIFT_COMPILATION_MODE = wholemodule;
			};
			name = Release;
		};
		D0B1FCF72FA22AA100B50E07 /* Debug */ = {
			isa = XCBuildConfiguration;
			buildSettings = {
				BUNDLE_LOADER = "$(TEST_HOST)";
				CODE_SIGN_STYLE = Automatic;
				CURRENT_PROJECT_VERSION = 142;
				DEVELOPMENT_TEAM = 23JEQ2524P;
				GENERATE_INFOPLIST_FILE = YES;
				IPHONEOS_DEPLOYMENT_TARGET = 26.4;
				MARKETING_VERSION = 1.6.0;
				PRODUCT_BUNDLE_IDENTIFIER = com.leoho.BuyLedgerTests;
				PRODUCT_NAME = "$(TARGET_NAME)";
				SDKROOT = auto;
				STRING_CATALOG_GENERATE_SYMBOLS = NO;
				SUPPORTED_PLATFORMS = "iphoneos iphonesimulator";
				SWIFT_APPROACHABLE_CONCURRENCY = YES;
				SWIFT_EMIT_LOC_STRINGS = NO;
				SWIFT_UPCOMING_FEATURE_MEMBER_IMPORT_VISIBILITY = YES;
				SWIFT_VERSION = 6.0;
				TARGETED_DEVICE_FAMILY = "1,2";
				TEST_HOST = "$(BUILT_PRODUCTS_DIR)/BuyLedger.app/$(BUNDLE_EXECUTABLE_FOLDER_PATH)/BuyLedger";
				XROS_DEPLOYMENT_TARGET = 26.4;
			};
			name = Debug;
		};
		D0B1FCF82FA22AA100B50E07 /* Release */ = {
			isa = XCBuildConfiguration;
			buildSettings = {
				BUNDLE_LOADER = "$(TEST_HOST)";
				CODE_SIGN_STYLE = Automatic;
				CURRENT_PROJECT_VERSION = 142;
				DEVELOPMENT_TEAM = 23JEQ2524P;
				GENERATE_INFOPLIST_FILE = YES;
				IPHONEOS_DEPLOYMENT_TARGET = 26.4;
				MARKETING_VERSION = 1.6.0;
				PRODUCT_BUNDLE_IDENTIFIER = com.leoho.BuyLedgerTests;
				PRODUCT_NAME = "$(TARGET_NAME)";
				SDKROOT = auto;
				STRING_CATALOG_GENERATE_SYMBOLS = NO;
				SUPPORTED_PLATFORMS = "iphoneos iphonesimulator";
				SWIFT_APPROACHABLE_CONCURRENCY = YES;
				SWIFT_EMIT_LOC_STRINGS = NO;
				SWIFT_UPCOMING_FEATURE_MEMBER_IMPORT_VISIBILITY = YES;
				SWIFT_VERSION = 6.0;
				TARGETED_DEVICE_FAMILY = "1,2";
				TEST_HOST = "$(BUILT_PRODUCTS_DIR)/BuyLedger.app/$(BUNDLE_EXECUTABLE_FOLDER_PATH)/BuyLedger";
				XROS_DEPLOYMENT_TARGET = 26.4;
			};
			name = Release;
		};
		D0B1FCFA2FA22AA100B50E07 /* Debug */ = {
			isa = XCBuildConfiguration;
			buildSettings = {
				CODE_SIGN_STYLE = Automatic;
				CURRENT_PROJECT_VERSION = 142;
				DEVELOPMENT_TEAM = 23JEQ2524P;
				GENERATE_INFOPLIST_FILE = YES;
				IPHONEOS_DEPLOYMENT_TARGET = 26.4;
				MARKETING_VERSION = 1.6.0;
				PRODUCT_BUNDLE_IDENTIFIER = com.leoho.BuyLedgerUITests;
				PRODUCT_NAME = "$(TARGET_NAME)";
				SDKROOT = auto;
				STRING_CATALOG_GENERATE_SYMBOLS = NO;
				SUPPORTED_PLATFORMS = "iphoneos iphonesimulator";
				SWIFT_APPROACHABLE_CONCURRENCY = YES;
				SWIFT_EMIT_LOC_STRINGS = NO;
				SWIFT_UPCOMING_FEATURE_MEMBER_IMPORT_VISIBILITY = YES;
				SWIFT_VERSION = 6.0;
				TARGETED_DEVICE_FAMILY = "1,2";
				TEST_TARGET_NAME = BuyLedger;
				XROS_DEPLOYMENT_TARGET = 26.4;
			};
			name = Debug;
		};
		D0B1FCFB2FA22AA100B50E07 /* Release */ = {
			isa = XCBuildConfiguration;
			buildSettings = {
				CODE_SIGN_STYLE = Automatic;
				CURRENT_PROJECT_VERSION = 142;
				DEVELOPMENT_TEAM = 23JEQ2524P;
				GENERATE_INFOPLIST_FILE = YES;
				IPHONEOS_DEPLOYMENT_TARGET = 26.4;
				MARKETING_VERSION = 1.6.0;
				PRODUCT_BUNDLE_IDENTIFIER = com.leoho.BuyLedgerUITests;
				PRODUCT_NAME = "$(TARGET_NAME)";
				SDKROOT = auto;
				STRING_CATALOG_GENERATE_SYMBOLS = NO;
				SUPPORTED_PLATFORMS = "iphoneos iphonesimulator";
				SWIFT_APPROACHABLE_CONCURRENCY = YES;
				SWIFT_EMIT_LOC_STRINGS = NO;
				SWIFT_UPCOMING_FEATURE_MEMBER_IMPORT_VISIBILITY = YES;
				SWIFT_VERSION = 6.0;
				TARGETED_DEVICE_FAMILY = "1,2";
				TEST_TARGET_NAME = BuyLedger;
				XROS_DEPLOYMENT_TARGET = 26.4;
			};
			name = Release;
		};
/* End XCBuildConfiguration section */

/* Begin XCConfigurationList section */
		D0B1FCC82FA22A9F00B50E07 /* Build configuration list for PBXProject "BuyLedger" */ = {
			isa = XCConfigurationList;
			buildConfigurations = (
				D0B1FCF42FA22AA100B50E07 /* Debug */,
				D0B1FCF52FA22AA100B50E07 /* Release */,
			);
			defaultConfigurationIsVisible = 0;
			defaultConfigurationName = Release;
		};
		D0B1FCF12FA22AA100B50E07 /* Build configuration list for PBXNativeTarget "BuyLedger" */ = {
			isa = XCConfigurationList;
			buildConfigurations = (
				D0B1FCF22FA22AA100B50E07 /* Debug */,
				D0B1FCF32FA22AA100B50E07 /* Release */,
			);
			defaultConfigurationIsVisible = 0;
			defaultConfigurationName = Release;
		};
		D0B1FCF62FA22AA100B50E07 /* Build configuration list for PBXNativeTarget "BuyLedgerTests" */ = {
			isa = XCConfigurationList;
			buildConfigurations = (
				D0B1FCF72FA22AA100B50E07 /* Debug */,
				D0B1FCF82FA22AA100B50E07 /* Release */,
			);
			defaultConfigurationIsVisible = 0;
			defaultConfigurationName = Release;
		};
		D0B1FCF92FA22AA100B50E07 /* Build configuration list for PBXNativeTarget "BuyLedgerUITests" */ = {
			isa = XCConfigurationList;
			buildConfigurations = (
				D0B1FCFA2FA22AA100B50E07 /* Debug */,
				D0B1FCFB2FA22AA100B50E07 /* Release */,
			);
			defaultConfigurationIsVisible = 0;
			defaultConfigurationName = Release;
		};
/* End XCConfigurationList section */

/* Begin XCRemoteSwiftPackageReference section */
		5F378FA3EE62B1A19259B6A4 /* XCRemoteSwiftPackageReference "swift-composable-architecture" */ = {
			isa = XCRemoteSwiftPackageReference;
			repositoryURL = "https://github.com/pointfreeco/swift-composable-architecture";
			requirement = {
				kind = exactVersion;
				version = 1.25.5;
			};
			traits = (
			);
		};
		A1D9E4B32FA3000000000003 /* XCRemoteSwiftPackageReference "swift-dependencies" */ = {
			isa = XCRemoteSwiftPackageReference;
			repositoryURL = "https://github.com/pointfreeco/swift-dependencies";
			requirement = {
				kind = exactVersion;
				version = 1.12.0;
			};
		};
		A1D9E4BE2FA300000000000E /* XCRemoteSwiftPackageReference "swift-case-paths" */ = {
			isa = XCRemoteSwiftPackageReference;
			repositoryURL = "https://github.com/pointfreeco/swift-case-paths";
			requirement = {
				kind = exactVersion;
				version = 1.7.3;
			};
		};
		A1D9E4BF2FA300000000000F /* XCRemoteSwiftPackageReference "swift-perception" */ = {
			isa = XCRemoteSwiftPackageReference;
			repositoryURL = "https://github.com/pointfreeco/swift-perception";
			requirement = {
				kind = exactVersion;
				version = 2.0.10;
			};
		};
		D00D0E7D2FC484750009F79F /* XCRemoteSwiftPackageReference "firebase-ios-sdk" */ = {
			isa = XCRemoteSwiftPackageReference;
			repositoryURL = "https://github.com/firebase/firebase-ios-sdk";
			requirement = {
				kind = exactVersion;
				version = 12.13.0;
			};
		};
		D0B102242FA5C7F300B50E07 /* XCRemoteSwiftPackageReference "swift-snapshot-testing" */ = {
			isa = XCRemoteSwiftPackageReference;
			repositoryURL = "https://github.com/pointfreeco/swift-snapshot-testing";
			requirement = {
				kind = exactVersion;
				version = 1.19.2;
			};
		};
		DEC0DE0000000000000000A1 /* XCRemoteSwiftPackageReference "textual" */ = {
			isa = XCRemoteSwiftPackageReference;
			repositoryURL = "https://github.com/gonzalezreal/textual";
			requirement = {
				kind = exactVersion;
				version = 0.1.0;
			};
		};
/* End XCRemoteSwiftPackageReference section */

/* Begin XCSwiftPackageProductDependency section */
		3A2CF5BCD746090BC6A06CBE /* ComposableArchitecture */ = {
			isa = XCSwiftPackageProductDependency;
			package = 5F378FA3EE62B1A19259B6A4 /* XCRemoteSwiftPackageReference "swift-composable-architecture" */;
			productName = ComposableArchitecture;
		};
		A1D9E4B42FA3000000000004 /* Dependencies */ = {
			isa = XCSwiftPackageProductDependency;
			package = A1D9E4B32FA3000000000003 /* XCRemoteSwiftPackageReference "swift-dependencies" */;
			productName = Dependencies;
		};
		A1D9E4B52FA3000000000005 /* Dependencies */ = {
			isa = XCSwiftPackageProductDependency;
			package = A1D9E4B32FA3000000000003 /* XCRemoteSwiftPackageReference "swift-dependencies" */;
			productName = Dependencies;
		};
		A1D9E4BA2FA300000000000A /* CasePaths */ = {
			isa = XCSwiftPackageProductDependency;
			package = A1D9E4BE2FA300000000000E /* XCRemoteSwiftPackageReference "swift-case-paths" */;
			productName = CasePaths;
		};
		A1D9E4BB2FA300000000000B /* CasePaths */ = {
			isa = XCSwiftPackageProductDependency;
			package = A1D9E4BE2FA300000000000E /* XCRemoteSwiftPackageReference "swift-case-paths" */;
			productName = CasePaths;
		};
		A1D9E4BC2FA300000000000C /* Perception */ = {
			isa = XCSwiftPackageProductDependency;
			package = A1D9E4BF2FA300000000000F /* XCRemoteSwiftPackageReference "swift-perception" */;
			productName = Perception;
		};
		A1D9E4BD2FA300000000000D /* Perception */ = {
			isa = XCSwiftPackageProductDependency;
			package = A1D9E4BF2FA300000000000F /* XCRemoteSwiftPackageReference "swift-perception" */;
			productName = Perception;
		};
		A1D9E4C22FA3000000000012 /* PerceptionCore */ = {
			isa = XCSwiftPackageProductDependency;
			package = A1D9E4BF2FA300000000000F /* XCRemoteSwiftPackageReference "swift-perception" */;
			productName = PerceptionCore;
		};
		A1D9E4C32FA3000000000013 /* PerceptionCore */ = {
			isa = XCSwiftPackageProductDependency;
			package = A1D9E4BF2FA300000000000F /* XCRemoteSwiftPackageReference "swift-perception" */;
			productName = PerceptionCore;
		};
		D00D0E7E2FC484750009F79F /* FirebaseAnalytics */ = {
			isa = XCSwiftPackageProductDependency;
			package = D00D0E7D2FC484750009F79F /* XCRemoteSwiftPackageReference "firebase-ios-sdk" */;
			productName = FirebaseAnalytics;
		};
		D00D0E802FC484750009F79F /* FirebaseCore */ = {
			isa = XCSwiftPackageProductDependency;
			package = D00D0E7D2FC484750009F79F /* XCRemoteSwiftPackageReference "firebase-ios-sdk" */;
			productName = FirebaseCore;
		};
		D00D0E822FC484750009F79F /* FirebaseCrashlytics */ = {
			isa = XCSwiftPackageProductDependency;
			package = D00D0E7D2FC484750009F79F /* XCRemoteSwiftPackageReference "firebase-ios-sdk" */;
			productName = FirebaseCrashlytics;
		};
		D00D0E862FC484750009F79F /* FirebasePerformance */ = {
			isa = XCSwiftPackageProductDependency;
			package = D00D0E7D2FC484750009F79F /* XCRemoteSwiftPackageReference "firebase-ios-sdk" */;
			productName = FirebasePerformance;
		};
		D0B102252FA5C7F300B50E07 /* SnapshotTesting */ = {
			isa = XCSwiftPackageProductDependency;
			package = D0B102242FA5C7F300B50E07 /* XCRemoteSwiftPackageReference "swift-snapshot-testing" */;
			productName = SnapshotTesting;
		};
		DEC0DE0000000000000000B1 /* Textual */ = {
			isa = XCSwiftPackageProductDependency;
			package = DEC0DE0000000000000000A1 /* XCRemoteSwiftPackageReference "textual" */;
			productName = Textual;
		};
		E350A744B5DEDE5F8AA211A4 /* ComposableArchitecture */ = {
			isa = XCSwiftPackageProductDependency;
			package = 5F378FA3EE62B1A19259B6A4 /* XCRemoteSwiftPackageReference "swift-composable-architecture" */;
			productName = ComposableArchitecture;
		};
/* End XCSwiftPackageProductDependency section */
	};
	rootObject = D0B1FCC52FA22A9F00B50E07 /* Project object */;
}
